
Microsoft Visual Studio Solution File, Format Version 12.00
# Visual Studio Version 17
VisualStudioVersion = 17.5.002.0
MinimumVisualStudioVersion = 10.0.40219.1
Project("{9A19103F-16F7-4668-BE54-9A1E7A4F7556}") = "PacketCapture", "PacketCapture.csproj", "{66D920CB-1F1B-439E-99A5-D321E685C80D}"
EndProject
Global
	GlobalSection(SolutionConfigurationPlatforms) = preSolution
		Debug|Any CPU = Debug|Any CPU
		Release|Any CPU = Release|Any CPU
	EndGlobalSection
	GlobalSection(ProjectConfigurationPlatforms) = postSolution
		{66D920CB-1F1B-439E-99A5-D321E685C80D}.Debug|Any CPU.ActiveCfg = Debug|Any CPU
		{66D920CB-1F1B-439E-99A5-D321E685C80D}.Debug|Any CPU.Build.0 = Debug|Any CPU
		{66D920CB-1F1B-439E-99A5-D321E685C80D}.Release|Any CPU.ActiveCfg = Release|Any CPU
		{66D920CB-1F1B-439E-99A5-D321E685C80D}.Release|Any CPU.Build.0 = Release|Any CPU
	EndGlobalSection
	GlobalSection(SolutionProperties) = preSolution
		HideSolutionNode = FALSE
	EndGlobalSection
	GlobalSection(ExtensibilityGlobals) = postSolution
		SolutionGuid = {E5259454-E157-452C-AF42-5E6374F22D05}
	EndGlobalSection
EndGlobal
